
Microsoft Visual Studio Solution File, Format Version 12.00
# Visual Studio Version 16
VisualStudioVersion = 16.0.30804.86
MinimumVisualStudioVersion = 10.0.40219.1
Project("{FAE04EC0-301F-11D3-BF4B-00C04F79EFBC}") = "DocumentManager", "DocumentManager\DocumentManager.csproj", "{6DEA58F9-6E67-424E-94B8-9B9DBD92363F}"
EndProject
Global
	GlobalSection(SolutionConfigurationPlatforms) = preSolution
		Debug|Any CPU = Debug|Any CPU
		Release|Any CPU = Release|Any CPU
	EndGlobalSection
	GlobalSection(ProjectConfigurationPlatforms) = postSolution
		{6DEA58F9-6E67-424E-94B8-9B9DBD92363F}.Debug|Any CPU.ActiveCfg = Debug|Any CPU
		{6DEA58F9-6E67-424E-94B8-9B9DBD92363F}.Debug|Any CPU.Build.0 = Debug|Any CPU
		{6DEA58F9-6E67-424E-94B8-9B9DBD92363F}.Release|Any CPU.ActiveCfg = Release|Any CPU
		{6DEA58F9-6E67-424E-94B8-9B9DBD92363F}.Release|Any CPU.Build.0 = Release|Any CPU
	EndGlobalSection
	GlobalSection(SolutionProperties) = preSolution
		HideSolutionNode = FALSE
	EndGlobalSection
	GlobalSection(ExtensibilityGlobals) = postSolution
		SolutionGuid = {8A5BCE1B-1881-4E72-B706-267438CFE288}
	EndGlobalSection
EndGlobal
